github.com/TheCacophonyProject/go-api v0.0.0-20190715055350-fa49317fb16a h1:TXXUjutUV8d2JtbFiBrwzQxwC5jZBFcbNLrxWaeykVw=
github.com/TheCacophonyProject/go-api v0.0.0-20190715055350-fa49317fb16a/go.mod h1:7OQjzdX6PbCJDxVRgTqNH9y12Ew+Q1sx9nwcRG7fj9s=
github.com/TheCacophonyProject/go-api v0.0.0-20190719125322-41a564e49aba h1:jtwQUrBGOyD8hyEbLGZmy1LlJqtfwc0gIsH0u8PqU1U=
github.com/TheCacophonyProject/go-api v0.0.0-20190719125322-41a564e49aba/go.mod h1:7OQjzdX6PbCJDxVRgTqNH9y12Ew+Q1sx9nwcRG7fj9s=
github.com/TheCacophonyProject/go-api v0.0.0-20190722123419-412d616d6d5e h1:jREi18eZzKUPs8jBXmnMarz+IpNzgd42dSOklQtfrjY=
github.com/TheCacophonyProject/go-api v0.0.0-20190722123419-412d616d6d5e/go.mod h1:7OQjzdX6PbCJDxVRgTqNH9y12Ew+Q1sx9nwcRG7fj9s=
github.com/TheCacophonyProject/modemd v0.0.0-20190605010435-ae5b0f2eb760 h1:DIImejLRk/+sdvtUdAOE9bF984eiL7kuj5XJVu4K060=
github.com/TheCacophonyProject/modemd v0.0.0-20190605010435-ae5b0f2eb760/go.mod h1:bfwJ/WcvDY9XtHKC5tcRfVrU8RWaW8DLYAAUfsrJr/4=
github.com/alexflint/go-arg v0.0.0-20171003000717-59fccacb2679 h1:/lfuNsFA4WBJs/PKWPt66i5eULQ3Iv8T+8fC4D1cWJ0=
github.com/alexflint/go-arg v0.0.0-20171003000717-59fccacb2679/go.mod h1:PHxo6ZWOLVMZZgWSAqBynb/KhIqoGO6WKwOVX7rM9dg=
github.com/alexflint/go-scalar v0.0.0-20170216020425-e80c3b7ed292 h1:0YTMOir1UPjebSvNmIrEKO9FFd+RZc1wwZHUrxfn4BI=
github.com/alexflint/go-scalar v0.0.0-20170216020425-e80c3b7ed292/go.mod h1:dgifnFPveotJNpwJdl1hDPu5vSuqVVUPIr3isfcvgBA=
github.com/davecgh/go-spew v1.1.0 h1:ZDRjVQ15GmhC3fiQ8ni8+OwkZQO4DARzQgrnXU1Liz8=
github.com/davecgh/go-spew v1.1.0/go.mod h1:J7Y8YcW2NihsgmVo/mv3lAwl/skON4iLHjSsI+c5H38=
github.com/davecgh/go-spew v1.1.1/go.mod h1:J7Y8YcW2NihsgmVo/mv3lAwl/skON4iLHjSsI+c5H38=
github.com/godbus/dbus v0.0.0-20181101234600-2ff6f7ffd60f h1:zlOR3rOlPAVvtfuxGKoghCmop5B0TRyu/ZieziZuGiM=
github.com/godbus/dbus v0.0.0-20181101234600-2ff6f7ffd60f/go.mod h1:/YcGZj5zSblfDWMMoOzV4fas9FZnQYTkDnsGvmh2Grw=
github.com/gofrs/flock v0.7.1 h1:DP+LD/t0njgoPBvT5MJLeliUIVQR03hiKR6vezdwHlc=
github.com/gofrs/flock v0.7.1/go.mod h1:F1TvTiK9OcQqauNUHlbJvyl9Qa1QvF/gOUDKA14jxHU=
github.com/pmezard/go-difflib v1.0.0 h1:4DBwDE0NGyQoBHbLQYPwSUPoCMWR5BEzIk/f1lZbAQM=
github.com/pmezard/go-difflib v1.0.0/go.mod h1:iKH77koFhYxTK1pcRnkKkqfTogsbg7gZNVY4sRDYZ/4=
github.com/rjeczalik/notify v0.0.0-20171004161231-1aa3b9de8d84 h1:iQ9yaNxdovSJGzLDMiBPkHLNLa0kh9w7PKu64wM6NPw=
github.com/rjeczalik/notify v0.0.0-20171004161231-1aa3b9de8d84/go.mod h1:rKwnCoCGeuQnwBtTSPL9Dad03Vh2n40ePRrjvIXnJho=
github.com/spf13/afero v1.2.2 h1:5jhuqJyZCZf2JRofRvN/nIFgIWNzPa3/Vz8mYylgbWc=
github.com/spf13/afero v1.2.2/go.mod h1:9ZxEEn6pIJ8Rxe320qSDBk6AsU0r9pR7Q4OcevTdifk=
github.com/stretchr/objx v0.1.0/go.mod h1:HFkY916IF+rwdDfMAkV7OtwuqBVzrE8GR6GFx+wExME=
github.com/stretchr/testify v1.3.0 h1:TivCn/peBQ7UY8ooIcPgZFpTNSz0Q2U6UrFlUfqbe0Q=
github.com/stretchr/testify v1.3.0/go.mod h1:M5WIy9Dh21IEIfnGCwXGc5bZfKNJtfHm1UVUgZn+9EI=
golang.org/x/sys v0.0.0-20170927054621-314a259e304f h1:iUy6hSM2lPBGm2d9HgXq1GqYPwcJvA8ihnWauXggYMs=
golang.org/x/sys v0.0.0-20170927054621-314a259e304f/go.mod h1:STP8DvDyc/dI5b8T5hshtkjS+E42TnysNCUPdjciGhY=
golang.org/x/text v0.3.0/go.mod h1:NqM8EUOU14njkJ3fqMW+pc6Ldnwhi/IjpwHt7yyuwOQ=
golang.org/x/text v0.3.2 h1:tW2bmiBqwgJj/UpqtC8EpXEZVYOwU0yG4iWbprSVAcs=
golang.org/x/text v0.3.2/go.mod h1:bEr9sfX3Q8Zfm5fL9x+3itogRgK3+ptLWKqgva+5dAk=
golang.org/x/tools v0.0.0-20180917221912-90fa682c2a6e/go.mod h1:n7NCudcB/nEzxVGmLbDWY5pfWTLqBcC2KZ6jyYvM4mQ=
gopkg.in/check.v1 v0.0.0-20161208181325-20d25e280405 h1:yhCVgyC4o1eVCa2tZl7eS0r+SDo693bJlVdllGtEeKM=
gopkg.in/check.v1 v0.0.0-20161208181325-20d25e280405/go.mod h1:Co6ibVJAznAaIkqp8huTwlJQCZ016jof/cbN4VW5Yz0=
gopkg.in/yaml.v2 v2.2.2 h1:ZCJp+EgiOT7lHqUV2J862kp8Qj64Jo6az82+3Td9dZw=
gopkg.in/yaml.v2 v2.2.2/go.mod h1:hI93XBmqTisBFMUTm0b8Fm+jr3Dg1NNxqwp+5A1VGuI=
